// !$*UTF8*$!
{
	archiveVersion = 1;
	classes = {
	};
	objectVersion = 56;
	objects = {

/* Begin PBXBuildFile section */
		F61AF1C72A644D2D00A67364 /* MVVMTestApp.swift in Sources */ = {isa = PBXBuildFile; fileRef = F61AF1C62A644D2D00A67364 /* MVVMTestApp.swift */; };
		F61AF1C92A644D2D00A67364 /* ContentView.swift in Sources */ = {isa = PBXBuildFile; fileRef = F61AF1C82A644D2D00A67364 /* ContentView.swift */; };
		F61AF1CB2A644D2E00A67364 /* Assets.xcassets in Resources */ = {isa = PBXBuildFile; fileRef = F61AF1CA2A644D2E00A67364 /* Assets.xcassets */; };
		F61AF1CE2A644D2E00A67364 /* Preview Assets.xcassets in Resources */ = {isa = PBXBuildFile; fileRef = F61AF1CD2A644D2E00A67364 /* Preview Assets.xcassets */; };
		F61AF1D82A644D2E00A67364 /* MVVMTestTests.swift in Sources */ = {isa = PBXBuildFile; fileRef = F61AF1D72A644D2E00A67364 /* MVVMTestTests.swift */; };
		F61AF1E22A644D2E00A67364 /* MVVMTestUITests.swift in Sources */ = {isa = PBXBuildFile; fileRef = F61AF1E12A644D2E00A67364 /* MVVMTestUITests.swift */; };
		F61AF1E42A644D2E00A67364 /* MVVMTestUITestsLaunchTests.swift in Sources */ = {isa = PBXBuildFile; fileRef = F61AF1E32A644D2E00A67364 /* MVVMTestUITestsLaunchTests.swift */; };
/* End PBXBuildFile section */

/* Begin PBXContainerItemProxy section */
		F61AF1D42A644D2E00A67364 /* PBXContainerItemProxy */ = {
			isa = PBXContainerItemProxy;
			containerPortal = F61AF1BB2A644D2D00A67364 /* Project object */;
			proxyType = 1;
			remoteGlobalIDString = F61AF1C22A644D2D00A67364;
			remoteInfo = MVVMTest;
		};
		F61AF1DE2A644D2E00A67364 /* PBXContainerItemProxy */ = {
			isa = PBXContainerItemProxy;
			containerPortal = F61AF1BB2A644D2D00A67364 /* Project object */;
			proxyType = 1;
			remoteGlobalIDString = F61AF1C22A644D2D00A67364;
			remoteInfo = MVVMTest;
		};
/* End PBXContainerItemProxy section */

/* Begin PBXFileReference section */
		F61AF1C32A644D2D00A67364 /* MVVMTest.app */ = {isa = PBXFileReference; explicitFileType = wrapper.application; includeInIndex = 0; path = MVVMTest.app; sourceTree = BUILT_PRODUCTS_DIR; };
		F61AF1C62A644D2D00A67364 /* MVVMTestApp.swift */ = {isa = PBXFileReference; lastKnownFileType = sourcecode.swift; path = MVVMTestApp.swift; sourceTree = "<group>"; };
		F61AF1C82A644D2D00A67364 /* ContentView.swift */ = {isa = PBXFileReference; lastKnownFileType = sourcecode.swift; path = ContentView.swift; sourceTree = "<group>"; };
		F61AF1CA2A644D2E00A67364 /* Assets.xcassets */ = {isa = PBXFileReference; lastKnownFileType = folder.assetcatalog; path = Assets.xcassets; sourceTree = "<group>"; };
		F61AF1CD2A644D2E00A67364 /* Preview Assets.xcassets */ = {isa = PBXFileReference; lastKnownFileType = folder.assetcatalog; path = "Preview Assets.xcassets"; sourceTree = "<group>"; };
		F61AF1D32A644D2E00A67364 /* MVVMTestTests.xctest */ = {isa = PBXFileReference; explicitFileType = wrapper.cfbundle; includeInIndex = 0; path = MVVMTestTests.xctest; sourceTree = BUILT_PRODUCTS_DIR; };
		F61AF1D72A644D2E00A67364 /* MVVMTestTests.swift */ = {isa = PBXFileReference; lastKnownFileType = sourcecode.swift; path = MVVMTestTests.swift; sourceTree = "<group>"; };
		F61AF1DD2A644D2E00A67364 /* MVVMTestUITests.xctest */ = {isa = PBXFileReference; explicitFileType = wrapper.cfbundle; includeInIndex = 0; path = MVVMTestUITests.xctest; sourceTree = BUILT_PRODUCTS_DIR; };
		F61AF1E12A644D2E00A67364 /* MVVMTestUITests.swift */ = {isa = PBXFileReference; lastKnownFileType = sourcecode.swift; path = MVVMTestUITests.swift; sourceTree = "<group>"; };
		F61AF1E32A644D2E00A67364 /* MVVMTestUITestsLaunchTests.swift */ = {isa = PBXFileReference; lastKnownFileType = sourcecode.swift; path = MVVMTestUITestsLaunchTests.swift; sourceTree = "<group>"; };
/* End PBXFileReference section */

/* Begin PBXFrameworksBuildPhase section */
		F61AF1C02A644D2D00A67364 /* Frameworks */ = {
			isa = PBXFrameworksBuildPhase;
			buildActionMask = 2147483647;
			files = (
			);
			runOnlyForDeploymentPostprocessing = 0;
		};
		F61AF1D02A644D2E00A67364 /* Frameworks */ = {
			isa = PBXFrameworksBuildPhase;
			buildActionMask = 2147483647;
			files = (
			);
			runOnlyForDeploymentPostprocessing = 0;
		};
		F61AF1DA2A644D2E00A67364 /* Frameworks */ = {
			isa = PBXFrameworksBuildPhase;
			buildActionMask = 2147483647;
			files = (
			);
			runOnlyForDeploymentPostprocessing = 0;
		};
/* End PBXFrameworksBuildPhase section */

/* Begin PBXGroup section */
		F61AF1BA2A644D2D00A67364 = {
			isa = PBXGroup;
			children = (
				F61AF1C52A644D2D00A67364 /* MVVMTest */,
				F61AF1D62A644D2E00A67364 /* MVVMTestTests */,
				F61AF1E02A644D2E00A67364 /* MVVMTestUITests */,
				F61AF1C42A644D2D00A67364 /* Products */,
			);
			sourceTree = "<group>";
		};
		F61AF1C42A644D2D00A67364 /* Products */ = {
			isa = PBXGroup;
			children = (
				F61AF1C32A644D2D00A67364 /* MVVMTest.app */,
				F61AF1D32A644D2E00A67364 /* MVVMTestTests.xctest */,
				F61AF1DD2A644D2E00A67364 /* MVVMTestUITests.xctest */,
			);
			name = Products;
			sourceTree = "<group>";
		};
		F61AF1C52A644D2D00A67364 /* MVVMTest */ = {
			isa = PBXGroup;
			children = (
				F61AF1C62A644D2D00A67364 /* MVVMTestApp.swift */,
				F61AF1C82A644D2D00A67364 /* ContentView.swift */,
				F61AF1CA2A644D2E00A67364 /* Assets.xcassets */,
				F61AF1CC2A644D2E00A67364 /* Preview Content */,
			);
			path = MVVMTest;
			sourceTree = "<group>";
		};
		F61AF1CC2A644D2E00A67364 /* Preview Content */ = {
			isa = PBXGroup;
			children = (
				F61AF1CD2A644D2E00A67364 /* Preview Assets.xcassets */,
			);
			path = "Preview Content";
			sourceTree = "<group>";
		};
		F61AF1D62A644D2E00A67364 /* MVVMTestTests */ = {
			isa = PBXGroup;
			children = (
				F61AF1D72A644D2E00A67364 /* MVVMTestTests.swift */,
			);
			path = MVVMTestTests;
			sourceTree = "<group>";
		};
		F61AF1E02A644D2E00A67364 /* MVVMTestUITests */ = {
			isa = PBXGroup;
			children = (
				F61AF1E12A644D2E00A67364 /* MVVMTestUITests.swift */,
				F61AF1E32A644D2E00A67364 /* MVVMTestUITestsLaunchTests.swift */,
			);
			path = MVVMTestUITests;
			sourceTree = "<group>";
		};
/* End PBXGroup section */

/* Begin PBXNativeTarget section */
		F61AF1C22A644D2D00A67364 /* MVVMTest */ = {
			isa = PBXNativeTarget;
			buildConfigurationList = F61AF1E72A644D2E00A67364 /* Build configuration list for PBXNativeTarget "MVVMTest" */;
			buildPhases = (
				F61AF1BF2A644D2D00A67364 /* Sources */,
				F61AF1C02A644D2D00A67364 /* Frameworks */,
				F61AF1C12A644D2D00A67364 /* Resources */,
			);
			buildRules = (
			);
			dependencies = (
			);
			name = MVVMTest;
			productName = MVVMTest;
			productReference = F61AF1C32A644D2D00A67364 /* MVVMTest.app */;
			productType = "com.apple.product-type.application";
		};
		F61AF1D22A644D2E00A67364 /* MVVMTestTests */ = {
			isa = PBXNativeTarget;
			buildConfigurationList = F61AF1EA2A644D2E00A67364 /* Build configuration list for PBXNativeTarget "MVVMTestTests" */;
			buildPhases = (
				F61AF1CF2A644D2E00A67364 /* Sources */,
				F61AF1D02A644D2E00A67364 /* Frameworks */,
				F61AF1D12A644D2E00A67364 /* Resources */,
			);
			buildRules = (
			);
			dependencies = (
				F61AF1D52A644D2E00A67364 /* PBXTargetDependency */,
			);
			name = MVVMTestTests;
			productName = MVVMTestTests;
			productReference = F61AF1D32A644D2E00A67364 /* MVVMTestTests.xctest */;
			productType = "com.apple.product-type.bundle.unit-test";
		};
		F61AF1DC2A644D2E00A67364 /* MVVMTestUITests */ = {
			isa = PBXNativeTarget;
			buildConfigurationList = F61AF1ED2A644D2E00A67364 /* Build configuration list for PBXNativeTarget "MVVMTestUITests" */;
			buildPhases = (
				F61AF1D92A644D2E00A67364 /* Sources */,
				F61AF1DA2A644D2E00A67364 /* Frameworks */,
				F61AF1DB2A644D2E00A67364 /* Resources */,
			);
			buildRules = (
			);
			dependencies = (
				F61AF1DF2A644D2E00A67364 /* PBXTargetDependency */,
			);
			name = MVVMTestUITests;
			productName = MVVMTestUITests;
			productReference = F61AF1DD2A644D2E00A67364 /* MVVMTestUITests.xctest */;
			productType = "com.apple.product-type.bundle.ui-testing";
		};
/* End PBXNativeTarget section */

/* Begin PBXProject section */
		F61AF1BB2A644D2D00A67364 /* Project object */ = {
			isa = PBXProject;
			attributes = {
				BuildIndependentTargetsInParallel = 1;
				LastSwiftUpdateCheck = 1430;
				LastUpgradeCheck = 1430;
				TargetAttributes = {
					F61AF1C22A644D2D00A67364 = {
						CreatedOnToolsVersion = 14.3.1;
					};
					F61AF1D22A644D2E00A67364 = {
						CreatedOnToolsVersion = 14.3.1;
						TestTargetID = F61AF1C22A644D2D00A67364;
					};
					F61AF1DC2A644D2E00A67364 = {
						CreatedOnToolsVersion = 14.3.1;
						TestTargetID = F61AF1C22A644D2D00A67364;
					};
				};
			};
			buildConfigurationList = F61AF1BE2A644D2D00A67364 /* Build configuration list for PBXProject "MVVMTest" */;
			compatibilityVersion = "Xcode 14.0";
			developmentRegion = en;
			hasScannedForEncodings = 0;
			knownRegions = (
				en,
				Base,
			);
			mainGroup = F61AF1BA2A644D2D00A67364;
			productRefGroup = F61AF1C42A644D2D00A67364 /* Products */;
			projectDirPath = "";
			projectRoot = "";
			targets = (
				F61AF1C22A644D2D00A67364 /* MVVMTest */,
				F61AF1D22A644D2E00A67364 /* MVVMTestTests */,
				F61AF1DC2A644D2E00A67364 /* MVVMTestUITests */,
			);
		};
/* End PBXProject section */

/* Begin PBXResourcesBuildPhase section */
		F61AF1C12A644D2D00A67364 /* Resources */ = {
			isa = PBXResourcesBuildPhase;
			buildActionMask = 2147483647;
			files = (
				F61AF1CE2A644D2E00A67364 /* Preview Assets.xcassets in Resources */,
				F61AF1CB2A644D2E00A67364 /* Assets.xcassets in Resources */,
			);
			runOnlyForDeploymentPostprocessing = 0;
		};
		F61AF1D12A644D2E00A67364 /* Resources */ = {
			isa = PBXResourcesBuildPhase;
			buildActionMask = 2147483647;
			files = (
			);
			runOnlyForDeploymentPostprocessing = 0;
		};
		F61AF1DB2A644D2E00A67364 /* Resources */ = {
			isa = PBXResourcesBuildPhase;
			buildActionMask = 2147483647;
			files = (
			);
			runOnlyForDeploymentPostprocessing = 0;
		};
/* End PBXResourcesBuildPhase section */

/* Begin PBXSourcesBuildPhase section */
		F61AF1BF2A644D2D00A67364 /* Sources */ = {
			isa = PBXSourcesBuildPhase;
			buildActionMask = 2147483647;
			files = (
				F61AF1C92A644D2D00A67364 /* ContentView.swift in Sources */,
				F61AF1C72A644D2D00A67364 /* MVVMTestApp.swift in Sources */,
			);
			runOnlyForDeploymentPostprocessing = 0;
		};
		F61AF1CF2A644D2E00A67364 /* Sources */ = {
			isa = PBXSourcesBuildPhase;
			buildActionMask = 2147483647;
			files = (
				F61AF1D82A644D2E00A67364 /* MVVMTestTests.swift in Sources */,
			);
			runOnlyForDeploymentPostprocessing = 0;
		};
		F61AF1D92A644D2E00A67364 /* Sources */ = {
			isa = PBXSourcesBuildPhase;
			buildActionMask = 2147483647;
			files = (
				F61AF1E42A644D2E00A67364 /* MVVMTestUITestsLaunchTests.swift in Sources */,
				F61AF1E22A644D2E00A67364 /* MVVMTestUITests.swift in Sources */,
			);
			runOnlyForDeploymentPostprocessing = 0;
		};
/* End PBXSourcesBuildPhase section */

/* Begin PBXTargetDependency section */
		F61AF1D52A644D2E00A67364 /* PBXTargetDependency */ = {
			isa = PBXTargetDependency;
			target = F61AF1C22A644D2D00A67364 /* MVVMTest */;
			targetProxy = F61AF1D42A644D2E00A67364 /* PBXContainerItemProxy */;
		};
		F61AF1DF2A644D2E00A67364 /* PBXTargetDependency */ = {
			isa = PBXTargetDependency;
			target = F61AF1C22A644D2D00A67364 /* MVVMTest */;
			targetProxy = F61AF1DE2A644D2E00A67364 /* PBXContainerItemProxy */;
		};
/* End PBXTargetDependency section */

/* Begin XCBuildConfiguration section */
		F61AF1E52A644D2E00A67364 /* Debug */ = {
			isa = XCBuildConfiguration;
			buildSettings = {
				ALWAYS_SEARCH_USER_PATHS = NO;
				CLANG_ANALYZER_NONNULL = YES;
				CLANG_ANALYZER_NUMBER_OBJECT_CONVERSION = YES_AGGRESSIVE;
				CLANG_CXX_LANGUAGE_STANDARD = "gnu++20";
				CLANG_ENABLE_MODULES = YES;
				CLANG_ENABLE_OBJC_ARC = YES;
				CLANG_ENABLE_OBJC_WEAK = YES;
				CLANG_WARN_BLOCK_CAPTURE_AUTORELEASING = YES;
				CLANG_WARN_BOOL_CONVERSION = YES;
				CLANG_WARN_COMMA = YES;
				CLANG_WARN_CONSTANT_CONVERSION = YES;
				CLANG_WARN_DEPRECATED_OBJC_IMPLEMENTATIONS = YES;
				CLANG_WARN_DIRECT_OBJC_ISA_USAGE = YES_ERROR;
				CLANG_WARN_DOCUMENTATION_COMMENTS = YES;
				CLANG_WARN_EMPTY_BODY = YES;
				CLANG_WARN_ENUM_CONVERSION = YES;
				CLANG_WARN_INFINITE_RECURSION = YES;
				CLANG_WARN_INT_CONVERSION = YES;
				CLANG_WARN_NON_LITERAL_NULL_CONVERSION = YES;
				CLANG_WARN_OBJC_IMPLICIT_RETAIN_SELF = YES;
				CLANG_WARN_OBJC_LITERAL_CONVERSION = YES;
				CLANG_WARN_OBJC_ROOT_CLASS = YES_ERROR;
				CLANG_WARN_QUOTED_INCLUDE_IN_FRAMEWORK_HEADER = YES;
				CLANG_WARN_RANGE_LOOP_ANALYSIS = YES;
				CLANG_WARN_STRICT_PROTOTYPES = YES;
				CLANG_WARN_SUSPICIOUS_MOVE = YES;
				CLANG_WARN_UNGUARDED_AVAILABILITY = YES_AGGRESSIVE;
				CLANG_WARN_UNREACHABLE_CODE = YES;
				CLANG_WARN__DUPLICATE_METHOD_MATCH = YES;
				COPY_PHASE_STRIP = NO;
				DEBUG_INFORMATION_FORMAT = dwarf;
				ENABLE_STRICT_OBJC_MSGSEND = YES;
				ENABLE_TESTABILITY = YES;
				GCC_C_LANGUAGE_STANDARD = gnu11;
				GCC_DYNAMIC_NO_PIC = NO;
				GCC_NO_COMMON_BLOCKS = YES;
				GCC_OPTIMIZATION_LEVEL = 0;
				GCC_PREPROCESSOR_DEFINITIONS = (
					"DEBUG=1",
					"$(inherited)",
				);
				GCC_WARN_64_TO_32_BIT_CONVERSION = YES;
				GCC_WARN_ABOUT_RETURN_TYPE = YES_ERROR;
				GCC_WARN_UNDECLARED_SELECTOR = YES;
				GCC_WARN_UNINITIALIZED_AUTOS = YES_AGGRESSIVE;
				GCC_WARN_UNUSED_FUNCTION = YES;
				GCC_WARN_UNUSED_VARIABLE = YES;
				IPHONEOS_DEPLOYMENT_TARGET = 16.4;
				MTL_ENABLE_DEBUG_INFO = INCLUDE_SOURCE;
				MTL_FAST_MATH = YES;
				ONLY_ACTIVE_ARCH = YES;
				SDKROOT = iphoneos;
				SWIFT_ACTIVE_COMPILATION_CONDITIONS = DEBUG;
				SWIFT_OPTIMIZATION_LEVEL = "-Onone";
			};
			name = Debug;
		};
		F61AF1E62A644D2E00A67364 /* Release */ = {
			isa = XCBuildConfiguration;
			buildSettings = {
				ALWAYS_SEARCH_USER_PATHS = NO;
				CLANG_ANALYZER_NONNULL = YES;
				CLANG_ANALYZER_NUMBER_OBJECT_CONVERSION = YES_AGGRESSIVE;
				CLANG_CXX_LANGUAGE_STANDARD = "gnu++20";
				CLANG_ENABLE_MODULES = YES;
				CLANG_ENABLE_OBJC_ARC = YES;
				CLANG_ENABLE_OBJC_WEAK = YES;
				CLANG_WARN_BLOCK_CAPTURE_AUTORELEASING = YES;
				CLANG_WARN_BOOL_CONVERSION = YES;
				CLANG_WARN_COMMA = YES;
				CLANG_WARN_CONSTANT_CONVERSION = YES;
				CLANG_WARN_DEPRECATED_OBJC_IMPLEMENTATIONS = YES;
				CLANG_WARN_DIRECT_OBJC_ISA_USAGE = YES_ERROR;
				CLANG_WARN_DOCUMENTATION_COMMENTS = YES;
				CLANG_WARN_EMPTY_BODY = YES;
				CLANG_WARN_ENUM_CONVERSION = YES;
				CLANG_WARN_INFINITE_RECURSION = YES;
				CLANG_WARN_INT_CONVERSION = YES;
				CLANG_WARN_NON_LITERAL_NULL_CONVERSION = YES;
				CLANG_WARN_OBJC_IMPLICIT_RETAIN_SELF = YES;
				CLANG_WARN_OBJC_LITERAL_CONVERSION = YES;
				CLANG_WARN_OBJC_ROOT_CLASS = YES_ERROR;
				CLANG_WARN_QUOTED_INCLUDE_IN_FRAMEWORK_HEADER = YES;
				CLANG_WARN_RANGE_LOOP_ANALYSIS = YES;
				CLANG_WARN_STRICT_PROTOTYPES = YES;
				CLANG_WARN_SUSPICIOUS_MOVE = YES;
				CLANG_WARN_UNGUARDED_AVAILABILITY = YES_AGGRESSIVE;
				CLANG_WARN_UNREACHABLE_CODE = YES;
				CLANG_WARN__DUPLICATE_METHOD_MATCH = YES;
				COPY_PHASE_STRIP = NO;
				DEBUG_INFORMATION_FORMAT = "dwarf-with-dsym";
				ENABLE_NS_ASSERTIONS = NO;
				ENABLE_STRICT_OBJC_MSGSEND = YES;
				GCC_C_LANGUAGE_STANDARD = gnu11;
				GCC_NO_COMMON_BLOCKS = YES;
				GCC_WARN_64_TO_32_BIT_CONVERSION = YES;
				GCC_WARN_ABOUT_RETURN_TYPE = YES_ERROR;
				GCC_WARN_UNDECLARED_SELECTOR = YES;
				GCC_WARN_UNINITIALIZED_AUTOS = YES_AGGRESSIVE;
				GCC_WARN_UNUSED_FUNCTION = YES;
				GCC_WARN_UNUSED_VARIABLE = YES;
				IPHONEOS_DEPLOYMENT_TARGET = 16.4;
				MTL_ENABLE_DEBUG_INFO = NO;
				MTL_FAST_MATH = YES;
				SDKROOT = iphoneos;
				SWIFT_COMPILATION_MODE = wholemodule;
				SWIFT_OPTIMIZATION_LEVEL = "-O";
				VALIDATE_PRODUCT = YES;
			};
			name = Release;
		};
		F61AF1E82A644D2E00A67364 /* Debug */ = {
			isa = XCBuildConfiguration;
			buildSettings = {
				ASSETCATALOG_COMPILER_APPICON_NAME = AppIcon;
				ASSETCATALOG_COMPILER_GLOBAL_ACCENT_COLOR_NAME = AccentColor;
				CODE_SIGN_STYLE = Automatic;
				CURRENT_PROJECT_VERSION = 1;
				DEVELOPMENT_ASSET_PATHS = "\"MVVMTest/Preview Content\"";
				DEVELOPMENT_TEAM = GFLA8JWCSF;
				ENABLE_PREVIEWS = YES;
				GENERATE_INFOPLIST_FILE = YES;
				INFOPLIST_KEY_UIApplicationSceneManifest_Generation = YES;
				INFOPLIST_KEY_UIApplicationSupportsIndirectInputEvents = YES;
				INFOPLIST_KEY_UILaunchScreen_Generation = YES;
				INFOPLIST_KEY_UISupportedInterfaceOrientations_iPad = "UIInterfaceOrientationPortrait UIInterfaceOrientationPortraitUpsideDown UIInterfaceOrientationLandscapeLeft UIInterfaceOrientationLandscapeRight";
				INFOPLIST_KEY_UISupportedInterfaceOrientations_iPhone = "UIInterfaceOrientationPortrait UIInterfaceOrientationLandscapeLeft UIInterfaceOrientationLandscapeRight";
				LD_RUNPATH_SEARCH_PATHS = (
					"$(inherited)",
					"@executable_path/Frameworks",
				);
				MARKETING_VERSION = 1.0;
				PRODUCT_BUNDLE_IDENTIFIER = com.kchu.MVVMTest;
				PRODUCT_NAME = "$(TARGET_NAME)";
				SWIFT_EMIT_LOC_STRINGS = YES;
				SWIFT_VERSION = 5.0;
				TARGETED_DEVICE_FAMILY = "1,2";
			};
			name = Debug;
		};
		F61AF1E92A644D2E00A67364 /* Release */ = {
			isa = XCBuildConfiguration;
			buildSettings = {
				ASSETCATALOG_COMPILER_APPICON_NAME = AppIcon;
				ASSETCATALOG_COMPILER_GLOBAL_ACCENT_COLOR_NAME = AccentColor;
				CODE_SIGN_STYLE = Automatic;
				CURRENT_PROJECT_VERSION = 1;
				DEVELOPMENT_ASSET_PATHS = "\"MVVMTest/Preview Content\"";
				DEVELOPMENT_TEAM = GFLA8JWCSF;
				ENABLE_PREVIEWS = YES;
				GENERATE_INFOPLIST_FILE = YES;
				INFOPLIST_KEY_UIApplicationSceneManifest_Generation = YES;
				INFOPLIST_KEY_UIApplicationSupportsIndirectInputEvents = YES;
				INFOPLIST_KEY_UILaunchScreen_Generation = YES;
				INFOPLIST_KEY_UISupportedInterfaceOrientations_iPad = "UIInterfaceOrientationPortrait UIInterfaceOrientationPortraitUpsideDown UIInterfaceOrientationLandscapeLeft UIInterfaceOrientationLandscapeRight";
				INFOPLIST_KEY_UISupportedInterfaceOrientations_iPhone = "UIInterfaceOrientationPortrait UIInterfaceOrientationLandscapeLeft UIInterfaceOrientationLandscapeRight";
				LD_RUNPATH_SEARCH_PATHS = (
					"$(inherited)",
					"@executable_path/Frameworks",
				);
				MARKETING_VERSION = 1.0;
				PRODUCT_BUNDLE_IDENTIFIER = com.kchu.MVVMTest;
				PRODUCT_NAME = "$(TARGET_NAME)";
				SWIFT_EMIT_LOC_STRINGS = YES;
				SWIFT_VERSION = 5.0;
				TARGETED_DEVICE_FAMILY = "1,2";
			};
			name = Release;
		};
		F61AF1EB2A644D2E00A67364 /* Debug */ = {
			isa = XCBuildConfiguration;
			buildSettings = {
				ALWAYS_EMBED_SWIFT_STANDARD_LIBRARIES = YES;
				BUNDLE_LOADER = "$(TEST_HOST)";
				CODE_SIGN_STYLE = Automatic;
				CURRENT_PROJECT_VERSION = 1;
				DEVELOPMENT_TEAM = GFLA8JWCSF;
				GENERATE_INFOPLIST_FILE = YES;
				IPHONEOS_DEPLOYMENT_TARGET = 16.4;
				MARKETING_VERSION = 1.0;
				PRODUCT_BUNDLE_IDENTIFIER = com.kchu.MVVMTestTests;
				PRODUCT_NAME = "$(TARGET_NAME)";
				SWIFT_EMIT_LOC_STRINGS = NO;
				SWIFT_VERSION = 5.0;
				TARGETED_DEVICE_FAMILY = "1,2";
				TEST_HOST = "$(BUILT_PRODUCTS_DIR)/MVVMTest.app/$(BUNDLE_EXECUTABLE_FOLDER_PATH)/MVVMTest";
			};
			name = Debug;
		};
		F61AF1EC2A644D2E00A67364 /* Release */ = {
			isa = XCBuildConfiguration;
			buildSettings = {
				ALWAYS_EMBED_SWIFT_STANDARD_LIBRARIES = YES;
				BUNDLE_LOADER = "$(TEST_HOST)";
				CODE_SIGN_STYLE = Automatic;
				CURRENT_PROJECT_VERSION = 1;
				DEVELOPMENT_TEAM = GFLA8JWCSF;
				GENERATE_INFOPLIST_FILE = YES;
				IPHONEOS_DEPLOYMENT_TARGET = 16.4;
				MARKETING_VERSION = 1.0;
				PRODUCT_BUNDLE_IDENTIFIER = com.kchu.MVVMTestTests;
				PRODUCT_NAME = "$(TARGET_NAME)";
				SWIFT_EMIT_LOC_STRINGS = NO;
				SWIFT_VERSION = 5.0;
				TARGETED_DEVICE_FAMILY = "1,2";
				TEST_HOST = "$(BUILT_PRODUCTS_DIR)/MVVMTest.app/$(BUNDLE_EXECUTABLE_FOLDER_PATH)/MVVMTest";
			};
			name = Release;
		};
		F61AF1EE2A644D2E00A67364 /* Debug */ = {
			isa = XCBuildConfiguration;
			buildSettings = {
				ALWAYS_EMBED_SWIFT_STANDARD_LIBRARIES = YES;
				CODE_SIGN_STYLE = Automatic;
				CURRENT_PROJECT_VERSION = 1;
				DEVELOPMENT_TEAM = GFLA8JWCSF;
				GENERATE_INFOPLIST_FILE = YES;
				MARKETING_VERSION = 1.0;
				PRODUCT_BUNDLE_IDENTIFIER = com.kchu.MVVMTestUITests;
				PRODUCT_NAME = "$(TARGET_NAME)";
				SWIFT_EMIT_LOC_STRINGS = NO;
				SWIFT_VERSION = 5.0;
				TARGETED_DEVICE_FAMILY = "1,2";
				TEST_TARGET_NAME = MVVMTest;
			};
			name = Debug;
		};
		F61AF1EF2A644D2E00A67364 /* Release */ = {
			isa = XCBuildConfiguration;
			buildSettings = {
				ALWAYS_EMBED_SWIFT_STANDARD_LIBRARIES = YES;
				CODE_SIGN_STYLE = Automatic;
				CURRENT_PROJECT_VERSION = 1;
				DEVELOPMENT_TEAM = GFLA8JWCSF;
				GENERATE_INFOPLIST_FILE = YES;
				MARKETING_VERSION = 1.0;
				PRODUCT_BUNDLE_IDENTIFIER = com.kchu.MVVMTestUITests;
				PRODUCT_NAME = "$(TARGET_NAME)";
				SWIFT_EMIT_LOC_STRINGS = NO;
				SWIFT_VERSION = 5.0;
				TARGETED_DEVICE_FAMILY = "1,2";
				TEST_TARGET_NAME = MVVMTest;
			};
			name = Release;
		};
/* End XCBuildConfiguration section */

/* Begin XCConfigurationList section */
		F61AF1BE2A644D2D00A67364 /* Build configuration list for PBXProject "MVVMTest" */ = {
			isa = XCConfigurationList;
			buildConfigurations = (
				F61AF1E52A644D2E00A67364 /* Debug */,
				F61AF1E62A644D2E00A67364 /* Release */,
			);
			defaultConfigurationIsVisible = 0;
			defaultConfigurationName = Release;
		};
		F61AF1E72A644D2E00A67364 /* Build configuration list for PBXNativeTarget "MVVMTest" */ = {
			isa = XCConfigurationList;
			buildConfigurations = (
				F61AF1E82A644D2E00A67364 /* Debug */,
				F61AF1E92A644D2E00A67364 /* Release */,
			);
			defaultConfigurationIsVisible = 0;
			defaultConfigurationName = Release;
		};
		F61AF1EA2A644D2E00A67364 /* Build configuration list for PBXNativeTarget "MVVMTestTests" */ = {
			isa = XCConfigurationList;
			buildConfigurations = (
				F61AF1EB2A644D2E00A67364 /* Debug */,
				F61AF1EC2A644D2E00A67364 /* Release */,
			);
			defaultConfigurationIsVisible = 0;
			defaultConfigurationName = Release;
		};
		F61AF1ED2A644D2E00A67364 /* Build configuration list for PBXNativeTarget "MVVMTestUITests" */ = {
			isa = XCConfigurationList;
			buildConfigurations = (
				F61AF1EE2A644D2E00A67364 /* Debug */,
				F61AF1EF2A644D2E00A67364 /* Release */,
			);
			defaultConfigurationIsVisible = 0;
			defaultConfigurationName = Release;
		};
/* End XCConfigurationList section */
	};
	rootObject = F61AF1BB2A644D2D00A67364 /* Project object */;
}
